
Microsoft Visual Studio Solution File, Format Version 12.00
# Visual Studio Version 17
VisualStudioVersion = 17.14.36221.1
MinimumVisualStudioVersion = 10.0.40219.1
Project("{FAE04EC0-301F-11D3-BF4B-00C04F79EFBC}") = "RedButtonConsole", "RedButtonConsole\RedButtonConsole.csproj", "{FC2BF53C-F783-4BF8-B613-0F9EC813C49D}"
EndProject
Project("{FAE04EC0-301F-11D3-BF4B-00C04F79EFBC}") = "Eraser.Util", "Eraser.Util\Eraser.Util.csproj", "{5D41AB49-BA8B-44EE-887A-8AAC0CBAD659}"
EndProject
Project("{FAE04EC0-301F-11D3-BF4B-00C04F79EFBC}") = "Eraser.Plugins", "Eraser.Plugins\Eraser.Plugins.csproj", "{A2AF771A-0A97-41F5-830F-08C227BA40AB}"
EndProject
Project("{FAE04EC0-301F-11D3-BF4B-00C04F79EFBC}") = "Eraser.DefaultPlugins", "Eraser.DefaultPlugins\Eraser.DefaultPlugins.csproj", "{0579FA77-4428-4656-A539-CC1706DCC93A}"
EndProject
Project("{FAE04EC0-301F-11D3-BF4B-00C04F79EFBC}") = "Eraser.Manager", "Eraser.Manager\Eraser.Manager.csproj", "{98CFCEC5-0F9F-413D-89AB-2F932EB8BEFF}"
EndProject
Project("{FAE04EC0-301F-11D3-BF4B-00C04F79EFBC}") = "Eraser.Util.Native", "Eraser.Util.Native\Eraser.Util.Native.csproj", "{E6C6A654-840B-43F7-85ED-85F546986F63}"
EndProject
Project("{FAE04EC0-301F-11D3-BF4B-00C04F79EFBC}") = "LockCheck", "LockCheck\LockCheck.csproj", "{CD350168-7539-49C4-9E6B-602808A9145F}"
EndProject
Project("{FAE04EC0-301F-11D3-BF4B-00C04F79EFBC}") = "RedButtonService", "RedButtonService\RedButtonService.csproj", "{C18173F2-9ACA-49FF-9498-21DE995F814A}"
EndProject
Project("{B7DD6F7E-DEF8-4E67-B5B7-07EF123DB6F0}") = "RedButtonServicePackage", "RedButtonServicePackage\RedButtonServicePackage.wixproj", "{8BB3FC9D-D58D-4037-B1F4-2E396D655AB8}"
EndProject
Global
	GlobalSection(SolutionConfigurationPlatforms) = preSolution
		Debug|Any CPU = Debug|Any CPU
		Debug|ARM64 = Debug|ARM64
		Debug|x64 = Debug|x64
		Debug|x86 = Debug|x86
		Release|Any CPU = Release|Any CPU
		Release|ARM64 = Release|ARM64
		Release|x64 = Release|x64
		Release|x86 = Release|x86
	EndGlobalSection
	GlobalSection(ProjectConfigurationPlatforms) = postSolution
		{FC2BF53C-F783-4BF8-B613-0F9EC813C49D}.Debug|Any CPU.ActiveCfg = Debug|Any CPU
		{FC2BF53C-F783-4BF8-B613-0F9EC813C49D}.Debug|Any CPU.Build.0 = Debug|Any CPU
		{FC2BF53C-F783-4BF8-B613-0F9EC813C49D}.Debug|ARM64.ActiveCfg = Debug|Any CPU
		{FC2BF53C-F783-4BF8-B613-0F9EC813C49D}.Debug|ARM64.Build.0 = Debug|Any CPU
		{FC2BF53C-F783-4BF8-B613-0F9EC813C49D}.Debug|x64.ActiveCfg = Debug|Any CPU
		{FC2BF53C-F783-4BF8-B613-0F9EC813C49D}.Debug|x64.Build.0 = Debug|Any CPU
		{FC2BF53C-F783-4BF8-B613-0F9EC813C49D}.Debug|x86.ActiveCfg = Debug|x86
		{FC2BF53C-F783-4BF8-B613-0F9EC813C49D}.Debug|x86.Build.0 = Debug|x86
		{FC2BF53C-F783-4BF8-B613-0F9EC813C49D}.Release|Any CPU.ActiveCfg = Release|Any CPU
		{FC2BF53C-F783-4BF8-B613-0F9EC813C49D}.Release|Any CPU.Build.0 = Release|Any CPU
		{FC2BF53C-F783-4BF8-B613-0F9EC813C49D}.Release|ARM64.ActiveCfg = Release|Any CPU
		{FC2BF53C-F783-4BF8-B613-0F9EC813C49D}.Release|ARM64.Build.0 = Release|Any CPU
		{FC2BF53C-F783-4BF8-B613-0F9EC813C49D}.Release|x64.ActiveCfg = Release|Any CPU
		{FC2BF53C-F783-4BF8-B613-0F9EC813C49D}.Release|x64.Build.0 = Release|Any CPU
		{FC2BF53C-F783-4BF8-B613-0F9EC813C49D}.Release|x86.ActiveCfg = Release|Any CPU
		{FC2BF53C-F783-4BF8-B613-0F9EC813C49D}.Release|x86.Build.0 = Release|Any CPU
		{5D41AB49-BA8B-44EE-887A-8AAC0CBAD659}.Debug|Any CPU.ActiveCfg = Debug|Any CPU
		{5D41AB49-BA8B-44EE-887A-8AAC0CBAD659}.Debug|Any CPU.Build.0 = Debug|Any CPU
		{5D41AB49-BA8B-44EE-887A-8AAC0CBAD659}.Debug|ARM64.ActiveCfg = Debug|Any CPU
		{5D41AB49-BA8B-44EE-887A-8AAC0CBAD659}.Debug|ARM64.Build.0 = Debug|Any CPU
		{5D41AB49-BA8B-44EE-887A-8AAC0CBAD659}.Debug|x64.ActiveCfg = Debug|Any CPU
		{5D41AB49-BA8B-44EE-887A-8AAC0CBAD659}.Debug|x64.Build.0 = Debug|Any CPU
		{5D41AB49-BA8B-44EE-887A-8AAC0CBAD659}.Debug|x86.ActiveCfg = Debug|x86
		{5D41AB49-BA8B-44EE-887A-8AAC0CBAD659}.Debug|x86.Build.0 = Debug|x86
		{5D41AB49-BA8B-44EE-887A-8AAC0CBAD659}.Release|Any CPU.ActiveCfg = Release|Any CPU
		{5D41AB49-BA8B-44EE-887A-8AAC0CBAD659}.Release|Any CPU.Build.0 = Release|Any CPU
		{5D41AB49-BA8B-44EE-887A-8AAC0CBAD659}.Release|ARM64.ActiveCfg = Release|Any CPU
		{5D41AB49-BA8B-44EE-887A-8AAC0CBAD659}.Release|ARM64.Build.0 = Release|Any CPU
		{5D41AB49-BA8B-44EE-887A-8AAC0CBAD659}.Release|x64.ActiveCfg = Release|Any CPU
		{5D41AB49-BA8B-44EE-887A-8AAC0CBAD659}.Release|x64.Build.0 = Release|Any CPU
		{5D41AB49-BA8B-44EE-887A-8AAC0CBAD659}.Release|x86.ActiveCfg = Release|Any CPU
		{5D41AB49-BA8B-44EE-887A-8AAC0CBAD659}.Release|x86.Build.0 = Release|Any CPU
		{A2AF771A-0A97-41F5-830F-08C227BA40AB}.Debug|Any CPU.ActiveCfg = Debug|Any CPU
		{A2AF771A-0A97-41F5-830F-08C227BA40AB}.Debug|Any CPU.Build.0 = Debug|Any CPU
		{A2AF771A-0A97-41F5-830F-08C227BA40AB}.Debug|ARM64.ActiveCfg = Debug|Any CPU
		{A2AF771A-0A97-41F5-830F-08C227BA40AB}.Debug|ARM64.Build.0 = Debug|Any CPU
		{A2AF771A-0A97-41F5-830F-08C227BA40AB}.Debug|x64.ActiveCfg = Debug|Any CPU
		{A2AF771A-0A97-41F5-830F-08C227BA40AB}.Debug|x64.Build.0 = Debug|Any CPU
		{A2AF771A-0A97-41F5-830F-08C227BA40AB}.Debug|x86.ActiveCfg = Debug|x86
		{A2AF771A-0A97-41F5-830F-08C227BA40AB}.Debug|x86.Build.0 = Debug|x86
		{A2AF771A-0A97-41F5-830F-08C227BA40AB}.Release|Any CPU.ActiveCfg = Release|Any CPU
		{A2AF771A-0A97-41F5-830F-08C227BA40AB}.Release|Any CPU.Build.0 = Release|Any CPU
		{A2AF771A-0A97-41F5-830F-08C227BA40AB}.Release|ARM64.ActiveCfg = Release|Any CPU
		{A2AF771A-0A97-41F5-830F-08C227BA40AB}.Release|ARM64.Build.0 = Release|Any CPU
		{A2AF771A-0A97-41F5-830F-08C227BA40AB}.Release|x64.ActiveCfg = Release|Any CPU
		{A2AF771A-0A97-41F5-830F-08C227BA40AB}.Release|x64.Build.0 = Release|Any CPU
		{A2AF771A-0A97-41F5-830F-08C227BA40AB}.Release|x86.ActiveCfg = Release|Any CPU
		{A2AF771A-0A97-41F5-830F-08C227BA40AB}.Release|x86.Build.0 = Release|Any CPU
		{0579FA77-4428-4656-A539-CC1706DCC93A}.Debug|Any CPU.ActiveCfg = Debug|Any CPU
		{0579FA77-4428-4656-A539-CC1706DCC93A}.Debug|Any CPU.Build.0 = Debug|Any CPU
		{0579FA77-4428-4656-A539-CC1706DCC93A}.Debug|ARM64.ActiveCfg = Debug|Any CPU
		{0579FA77-4428-4656-A539-CC1706DCC93A}.Debug|ARM64.Build.0 = Debug|Any CPU
		{0579FA77-4428-4656-A539-CC1706DCC93A}.Debug|x64.ActiveCfg = Debug|Any CPU
		{0579FA77-4428-4656-A539-CC1706DCC93A}.Debug|x64.Build.0 = Debug|Any CPU
		{0579FA77-4428-4656-A539-CC1706DCC93A}.Debug|x86.ActiveCfg = Debug|x86
		{0579FA77-4428-4656-A539-CC1706DCC93A}.Debug|x86.Build.0 = Debug|x86
		{0579FA77-4428-4656-A539-CC1706DCC93A}.Release|Any CPU.ActiveCfg = Release|Any CPU
		{0579FA77-4428-4656-A539-CC1706DCC93A}.Release|Any CPU.Build.0 = Release|Any CPU
		{0579FA77-4428-4656-A539-CC1706DCC93A}.Release|ARM64.ActiveCfg = Release|Any CPU
		{0579FA77-4428-4656-A539-CC1706DCC93A}.Release|ARM64.Build.0 = Release|Any CPU
		{0579FA77-4428-4656-A539-CC1706DCC93A}.Release|x64.ActiveCfg = Release|Any CPU
		{0579FA77-4428-4656-A539-CC1706DCC93A}.Release|x64.Build.0 = Release|Any CPU
		{0579FA77-4428-4656-A539-CC1706DCC93A}.Release|x86.ActiveCfg = Release|Any CPU
		{0579FA77-4428-4656-A539-CC1706DCC93A}.Release|x86.Build.0 = Release|Any CPU
		{98CFCEC5-0F9F-413D-89AB-2F932EB8BEFF}.Debug|Any CPU.ActiveCfg = Debug|Any CPU
		{98CFCEC5-0F9F-413D-89AB-2F932EB8BEFF}.Debug|Any CPU.Build.0 = Debug|Any CPU
		{98CFCEC5-0F9F-413D-89AB-2F932EB8BEFF}.Debug|ARM64.ActiveCfg = Debug|Any CPU
		{98CFCEC5-0F9F-413D-89AB-2F932EB8BEFF}.Debug|ARM64.Build.0 = Debug|Any CPU
		{98CFCEC5-0F9F-413D-89AB-2F932EB8BEFF}.Debug|x64.ActiveCfg = Debug|Any CPU
		{98CFCEC5-0F9F-413D-89AB-2F932EB8BEFF}.Debug|x64.Build.0 = Debug|Any CPU
		{98CFCEC5-0F9F-413D-89AB-2F932EB8BEFF}.Debug|x86.ActiveCfg = Debug|x86
		{98CFCEC5-0F9F-413D-89AB-2F932EB8BEFF}.Debug|x86.Build.0 = Debug|x86
		{98CFCEC5-0F9F-413D-89AB-2F932EB8BEFF}.Release|Any CPU.ActiveCfg = Release|Any CPU
		{98CFCEC5-0F9F-413D-89AB-2F932EB8BEFF}.Release|Any CPU.Build.0 = Release|Any CPU
		{98CFCEC5-0F9F-413D-89AB-2F932EB8BEFF}.Release|ARM64.ActiveCfg = Release|Any CPU
		{98CFCEC5-0F9F-413D-89AB-2F932EB8BEFF}.Release|ARM64.Build.0 = Release|Any CPU
		{98CFCEC5-0F9F-413D-89AB-2F932EB8BEFF}.Release|x64.ActiveCfg = Release|Any CPU
		{98CFCEC5-0F9F-413D-89AB-2F932EB8BEFF}.Release|x64.Build.0 = Release|Any CPU
		{98CFCEC5-0F9F-413D-89AB-2F932EB8BEFF}.Release|x86.ActiveCfg = Release|Any CPU
		{98CFCEC5-0F9F-413D-89AB-2F932EB8BEFF}.Release|x86.Build.0 = Release|Any CPU
		{E6C6A654-840B-43F7-85ED-85F546986F63}.Debug|Any CPU.ActiveCfg = Debug|Any CPU
		{E6C6A654-840B-43F7-85ED-85F546986F63}.Debug|Any CPU.Build.0 = Debug|Any CPU
		{E6C6A654-840B-43F7-85ED-85F546986F63}.Debug|ARM64.ActiveCfg = Debug|Any CPU
		{E6C6A654-840B-43F7-85ED-85F546986F63}.Debug|ARM64.Build.0 = Debug|Any CPU
		{E6C6A654-840B-43F7-85ED-85F546986F63}.Debug|x64.ActiveCfg = Debug|Any CPU
		{E6C6A654-840B-43F7-85ED-85F546986F63}.Debug|x64.Build.0 = Debug|Any CPU
		{E6C6A654-840B-43F7-85ED-85F546986F63}.Debug|x86.ActiveCfg = Debug|x86
		{E6C6A654-840B-43F7-85ED-85F546986F63}.Debug|x86.Build.0 = Debug|x86
		{E6C6A654-840B-43F7-85ED-85F546986F63}.Release|Any CPU.ActiveCfg = Release|Any CPU
		{E6C6A654-840B-43F7-85ED-85F546986F63}.Release|Any CPU.Build.0 = Release|Any CPU
		{E6C6A654-840B-43F7-85ED-85F546986F63}.Release|ARM64.ActiveCfg = Release|Any CPU
		{E6C6A654-840B-43F7-85ED-85F546986F63}.Release|ARM64.Build.0 = Release|Any CPU
		{E6C6A654-840B-43F7-85ED-85F546986F63}.Release|x64.ActiveCfg = Release|Any CPU
		{E6C6A654-840B-43F7-85ED-85F546986F63}.Release|x64.Build.0 = Release|Any CPU
		{E6C6A654-840B-43F7-85ED-85F546986F63}.Release|x86.ActiveCfg = Release|Any CPU
		{E6C6A654-840B-43F7-85ED-85F546986F63}.Release|x86.Build.0 = Release|Any CPU
		{CD350168-7539-49C4-9E6B-602808A9145F}.Debug|Any CPU.ActiveCfg = Debug|Any CPU
		{CD350168-7539-49C4-9E6B-602808A9145F}.Debug|Any CPU.Build.0 = Debug|Any CPU
		{CD350168-7539-49C4-9E6B-602808A9145F}.Debug|ARM64.ActiveCfg = Debug|Any CPU
		{CD350168-7539-49C4-9E6B-602808A9145F}.Debug|ARM64.Build.0 = Debug|Any CPU
		{CD350168-7539-49C4-9E6B-602808A9145F}.Debug|x64.ActiveCfg = Debug|Any CPU
		{CD350168-7539-49C4-9E6B-602808A9145F}.Debug|x64.Build.0 = Debug|Any CPU
		{CD350168-7539-49C4-9E6B-602808A9145F}.Debug|x86.ActiveCfg = Debug|x86
		{CD350168-7539-49C4-9E6B-602808A9145F}.Debug|x86.Build.0 = Debug|x86
		{CD350168-7539-49C4-9E6B-602808A9145F}.Release|Any CPU.ActiveCfg = Release|Any CPU
		{CD350168-7539-49C4-9E6B-602808A9145F}.Release|Any CPU.Build.0 = Release|Any CPU
		{CD350168-7539-49C4-9E6B-602808A9145F}.Release|ARM64.ActiveCfg = Release|Any CPU
		{CD350168-7539-49C4-9E6B-602808A9145F}.Release|ARM64.Build.0 = Release|Any CPU
		{CD350168-7539-49C4-9E6B-602808A9145F}.Release|x64.ActiveCfg = Release|Any CPU
		{CD350168-7539-49C4-9E6B-602808A9145F}.Release|x64.Build.0 = Release|Any CPU
		{CD350168-7539-49C4-9E6B-602808A9145F}.Release|x86.ActiveCfg = Release|Any CPU
		{CD350168-7539-49C4-9E6B-602808A9145F}.Release|x86.Build.0 = Release|Any CPU
		{C18173F2-9ACA-49FF-9498-21DE995F814A}.Debug|Any CPU.ActiveCfg = Debug|Any CPU
		{C18173F2-9ACA-49FF-9498-21DE995F814A}.Debug|Any CPU.Build.0 = Debug|Any CPU
		{C18173F2-9ACA-49FF-9498-21DE995F814A}.Debug|ARM64.ActiveCfg = Debug|Any CPU
		{C18173F2-9ACA-49FF-9498-21DE995F814A}.Debug|ARM64.Build.0 = Debug|Any CPU
		{C18173F2-9ACA-49FF-9498-21DE995F814A}.Debug|x64.ActiveCfg = Debug|Any CPU
		{C18173F2-9ACA-49FF-9498-21DE995F814A}.Debug|x64.Build.0 = Debug|Any CPU
		{C18173F2-9ACA-49FF-9498-21DE995F814A}.Debug|x86.ActiveCfg = Debug|Any CPU
		{C18173F2-9ACA-49FF-9498-21DE995F814A}.Debug|x86.Build.0 = Debug|Any CPU
		{C18173F2-9ACA-49FF-9498-21DE995F814A}.Release|Any CPU.ActiveCfg = Release|Any CPU
		{C18173F2-9ACA-49FF-9498-21DE995F814A}.Release|Any CPU.Build.0 = Release|Any CPU
		{C18173F2-9ACA-49FF-9498-21DE995F814A}.Release|ARM64.ActiveCfg = Release|Any CPU
		{C18173F2-9ACA-49FF-9498-21DE995F814A}.Release|ARM64.Build.0 = Release|Any CPU
		{C18173F2-9ACA-49FF-9498-21DE995F814A}.Release|x64.ActiveCfg = Release|Any CPU
		{C18173F2-9ACA-49FF-9498-21DE995F814A}.Release|x64.Build.0 = Release|Any CPU
		{C18173F2-9ACA-49FF-9498-21DE995F814A}.Release|x86.ActiveCfg = Release|Any CPU
		{C18173F2-9ACA-49FF-9498-21DE995F814A}.Release|x86.Build.0 = Release|Any CPU
		{8BB3FC9D-D58D-4037-B1F4-2E396D655AB8}.Debug|Any CPU.ActiveCfg = Debug|x64
		{8BB3FC9D-D58D-4037-B1F4-2E396D655AB8}.Debug|Any CPU.Build.0 = Debug|x64
		{8BB3FC9D-D58D-4037-B1F4-2E396D655AB8}.Debug|ARM64.ActiveCfg = Debug|ARM64
		{8BB3FC9D-D58D-4037-B1F4-2E396D655AB8}.Debug|ARM64.Build.0 = Debug|ARM64
		{8BB3FC9D-D58D-4037-B1F4-2E396D655AB8}.Debug|x64.ActiveCfg = Debug|x64
		{8BB3FC9D-D58D-4037-B1F4-2E396D655AB8}.Debug|x64.Build.0 = Debug|x64
		{8BB3FC9D-D58D-4037-B1F4-2E396D655AB8}.Debug|x86.ActiveCfg = Debug|x86
		{8BB3FC9D-D58D-4037-B1F4-2E396D655AB8}.Debug|x86.Build.0 = Debug|x86
		{8BB3FC9D-D58D-4037-B1F4-2E396D655AB8}.Release|Any CPU.ActiveCfg = Release|x64
		{8BB3FC9D-D58D-4037-B1F4-2E396D655AB8}.Release|Any CPU.Build.0 = Release|x64
		{8BB3FC9D-D58D-4037-B1F4-2E396D655AB8}.Release|ARM64.ActiveCfg = Release|ARM64
		{8BB3FC9D-D58D-4037-B1F4-2E396D655AB8}.Release|ARM64.Build.0 = Release|ARM64
		{8BB3FC9D-D58D-4037-B1F4-2E396D655AB8}.Release|x64.ActiveCfg = Release|x64
		{8BB3FC9D-D58D-4037-B1F4-2E396D655AB8}.Release|x64.Build.0 = Release|x64
		{8BB3FC9D-D58D-4037-B1F4-2E396D655AB8}.Release|x86.ActiveCfg = Release|x86
		{8BB3FC9D-D58D-4037-B1F4-2E396D655AB8}.Release|x86.Build.0 = Release|x86
	EndGlobalSection
	GlobalSection(SolutionProperties) = preSolution
		HideSolutionNode = FALSE
	EndGlobalSection
	GlobalSection(ExtensibilityGlobals) = postSolution
		SolutionGuid = {0305BBC4-AD50-493E-A911-556690A6EEFE}
	EndGlobalSection
EndGlobal
